
Microsoft Visual Studio Solution File, Format Version 12.00
# Visual Studio Version 17
VisualStudioVersion = 17.0.31919.166
MinimumVisualStudioVersion = 10.0.40219.1
Project("{FAE04EC0-301F-11D3-BF4B-00C04F79EFBC}") = "roomCalculator", "roomCalculator\roomCalculator.csproj", "{4DB4C599-E604-416D-9AC3-FD530AF5FD5B}"
EndProject
Global
	GlobalSection(SolutionConfigurationPlatforms) = preSolution
		Debug|Any CPU = Debug|Any CPU
		Release|Any CPU = Release|Any CPU
	EndGlobalSection
	GlobalSection(ProjectConfigurationPlatforms) = postSolution
		{4DB4C599-E604-416D-9AC3-FD530AF5FD5B}.Debug|Any CPU.ActiveCfg = Debug|Any CPU
		{4DB4C599-E604-416D-9AC3-FD530AF5FD5B}.Debug|Any CPU.Build.0 = Debug|Any CPU
		{4DB4C599-E604-416D-9AC3-FD530AF5FD5B}.Release|Any CPU.ActiveCfg = Release|Any CPU
		{4DB4C599-E604-416D-9AC3-FD530AF5FD5B}.Release|Any CPU.Build.0 = Release|Any CPU
	EndGlobalSection
	GlobalSection(SolutionProperties) = preSolution
		HideSolutionNode = FALSE
	EndGlobalSection
	GlobalSection(ExtensibilityGlobals) = postSolution
		SolutionGuid = {898175EB-1CE5-4760-B064-12BBD42D7C43}
	EndGlobalSection
EndGlobal
